// !$*UTF8*$!
{
	archiveVersion = 1;
	classes = {
	};
	objectVersion = 50;
	objects = {

/* Begin PBXBuildFile section */
		073A81EDB17F74474AE92E65 /* Pods_DemoNotificationApp.framework in Frameworks */ = {isa = PBXBuildFile; fileRef = F8C5A7E86ED476E3D1B6F669 /* Pods_DemoNotificationApp.framework */; };
		592F1F9221A278D7005E3CC5 /* AppDelegate.swift in Sources */ = {isa = PBXBuildFile; fileRef = 592F1F9121A278D7005E3CC5 /* AppDelegate.swift */; };
		592F1F9421A278D7005E3CC5 /* ViewController.swift in Sources */ = {isa = PBXBuildFile; fileRef = 592F1F9321A278D7005E3CC5 /* ViewController.swift */; };
		592F1F9721A278D7005E3CC5 /* Main.storyboard in Resources */ = {isa = PBXBuildFile; fileRef = 592F1F9521A278D7005E3CC5 /* Main.storyboard */; };
		592F1F9921A278E1005E3CC5 /* Assets.xcassets in Resources */ = {isa = PBXBuildFile; fileRef = 592F1F9821A278E1005E3CC5 /* Assets.xcassets */; };
		592F1F9C21A278E1005E3CC5 /* LaunchScreen.storyboard in Resources */ = {isa = PBXBuildFile; fileRef = 592F1F9A21A278E1005E3CC5 /* LaunchScreen.storyboard */; };
/* End PBXBuildFile section */

/* Begin PBXFileReference section */
		1684484666B6966AF8FBC42D /* Pods-DemoNotificationApp.debug.xcconfig */ = {isa = PBXFileReference; includeInIndex = 1; lastKnownFileType = text.xcconfig; name = "Pods-DemoNotificationApp.debug.xcconfig"; path = "Pods/Target Support Files/Pods-DemoNotificationApp/Pods-DemoNotificationApp.debug.xcconfig"; sourceTree = "<group>"; };
		592F1F8E21A278D7005E3CC5 /* DemoNotificationApp.app */ = {isa = PBXFileReference; explicitFileType = wrapper.application; includeInIndex = 0; path = DemoNotificationApp.app; sourceTree = BUILT_PRODUCTS_DIR; };
		592F1F9121A278D7005E3CC5 /* AppDelegate.swift */ = {isa = PBXFileReference; lastKnownFileType = sourcecode.swift; path = AppDelegate.swift; sourceTree = "<group>"; };
		592F1F9321A278D7005E3CC5 /* ViewController.swift */ = {isa = PBXFileReference; lastKnownFileType = sourcecode.swift; path = ViewController.swift; sourceTree = "<group>"; };
		592F1F9621A278D7005E3CC5 /* Base */ = {isa = PBXFileReference; lastKnownFileType = file.storyboard; name = Base; path = Base.lproj/Main.storyboard; sourceTree = "<group>"; };
		592F1F9821A278E1005E3CC5 /* Assets.xcassets */ = {isa = PBXFileReference; lastKnownFileType = folder.assetcatalog; path = Assets.xcassets; sourceTree = "<group>"; };
		592F1F9B21A278E1005E3CC5 /* Base */ = {isa = PBXFileReference; lastKnownFileType = file.storyboard; name = Base; path = Base.lproj/LaunchScreen.storyboard; sourceTree = "<group>"; };
		592F1F9D21A278E1005E3CC5 /* Info.plist */ = {isa = PBXFileReference; lastKnownFileType = text.plist.xml; path = Info.plist; sourceTree = "<group>"; };
		AF23903B3214972B42923B7F /* Pods-DemoNotificationApp.release.xcconfig */ = {isa = PBXFileReference; includeInIndex = 1; lastKnownFileType = text.xcconfig; name = "Pods-DemoNotificationApp.release.xcconfig"; path = "Pods/Target Support Files/Pods-DemoNotificationApp/Pods-DemoNotificationApp.release.xcconfig"; sourceTree = "<group>"; };
		F8C5A7E86ED476E3D1B6F669 /* Pods_DemoNotificationApp.framework */ = {isa = PBXFileReference; explicitFileType = wrapper.framework; includeInIndex = 0; path = Pods_DemoNotificationApp.framework; sourceTree = BUILT_PRODUCTS_DIR; };
/* End PBXFileReference section */

/* Begin PBXFrameworksBuildPhase section */
		592F1F8B21A278D7005E3CC5 /* Frameworks */ = {
			isa = PBXFrameworksBuildPhase;
			buildActionMask = 2147483647;
			files = (
				073A81EDB17F74474AE92E65 /* Pods_DemoNotificationApp.framework in Frameworks */,
			);
			runOnlyForDeploymentPostprocessing = 0;
		};
/* End PBXFrameworksBuildPhase section */

/* Begin PBXGroup section */
		4C6F854772FB488CF0BF40B2 /* Frameworks */ = {
			isa = PBXGroup;
			children = (
				F8C5A7E86ED476E3D1B6F669 /* Pods_DemoNotificationApp.framework */,
			);
			name = Frameworks;
			sourceTree = "<group>";
		};
		592F1F8521A278D7005E3CC5 = {
			isa = PBXGroup;
			children = (
				592F1F9021A278D7005E3CC5 /* DemoNotificationApp */,
				592F1F8F21A278D7005E3CC5 /* Products */,
				9093A672BEF2A9D051A141A9 /* Pods */,
				4C6F854772FB488CF0BF40B2 /* Frameworks */,
			);
			sourceTree = "<group>";
		};
		592F1F8F21A278D7005E3CC5 /* Products */ = {
			isa = PBXGroup;
			children = (
				592F1F8E21A278D7005E3CC5 /* DemoNotificationApp.app */,
			);
			name = Products;
			sourceTree = "<group>";
		};
		592F1F9021A278D7005E3CC5 /* DemoNotificationApp */ = {
			isa = PBXGroup;
			children = (
				592F1F9121A278D7005E3CC5 /* AppDelegate.swift */,
				592F1F9321A278D7005E3CC5 /* ViewController.swift */,
				592F1F9521A278D7005E3CC5 /* Main.storyboard */,
				592F1F9821A278E1005E3CC5 /* Assets.xcassets */,
				592F1F9A21A278E1005E3CC5 /* LaunchScreen.storyboard */,
				592F1F9D21A278E1005E3CC5 /* Info.plist */,
			);
			path = DemoNotificationApp;
			sourceTree = "<group>";
		};
		9093A672BEF2A9D051A141A9 /* Pods */ = {
			isa = PBXGroup;
			children = (
				1684484666B6966AF8FBC42D /* Pods-DemoNotificationApp.debug.xcconfig */,
				AF23903B3214972B42923B7F /* Pods-DemoNotificationApp.release.xcconfig */,
			);
			name = Pods;
			sourceTree = "<group>";
		};
/* End PBXGroup section */

/* Begin PBXNativeTarget section */
		592F1F8D21A278D7005E3CC5 /* DemoNotificationApp */ = {
			isa = PBXNativeTarget;
			buildConfigurationList = 592F1FA021A278E1005E3CC5 /* Build configuration list for PBXNativeTarget "DemoNotificationApp" */;
			buildPhases = (
				EDBBEB5FD224D44FB6A97FEA /* [CP] Check Pods Manifest.lock */,
				592F1F8A21A278D7005E3CC5 /* Sources */,
				592F1F8B21A278D7005E3CC5 /* Frameworks */,
				592F1F8C21A278D7005E3CC5 /* Resources */,
				F905F5AA214F83F86F9AD6F8 /* [CP] Embed Pods Frameworks */,
			);
			buildRules = (
			);
			dependencies = (
			);
			name = DemoNotificationApp;
			productName = DemoNotificationApp;
			productReference = 592F1F8E21A278D7005E3CC5 /* DemoNotificationApp.app */;
			productType = "com.apple.product-type.application";
		};
/* End PBXNativeTarget section */

/* Begin PBXProject section */
		592F1F8621A278D7005E3CC5 /* Project object */ = {
			isa = PBXProject;
			attributes = {
				LastSwiftUpdateCheck = 0940;
				LastUpgradeCheck = 0940;
				ORGANIZATIONNAME = Nfn_Labs;
				TargetAttributes = {
					592F1F8D21A278D7005E3CC5 = {
						CreatedOnToolsVersion = 9.4.1;
					};
				};
			};
			buildConfigurationList = 592F1F8921A278D7005E3CC5 /* Build configuration list for PBXProject "DemoNotificationApp" */;
			compatibilityVersion = "Xcode 9.3";
			developmentRegion = en;
			hasScannedForEncodings = 0;
			knownRegions = (
				en,
				Base,
			);
			mainGroup = 592F1F8521A278D7005E3CC5;
			productRefGroup = 592F1F8F21A278D7005E3CC5 /* Products */;
			projectDirPath = "";
			projectRoot = "";
			targets = (
				592F1F8D21A278D7005E3CC5 /* DemoNotificationApp */,
			);
		};
/* End PBXProject section */

/* Begin PBXResourcesBuildPhase section */
		592F1F8C21A278D7005E3CC5 /* Resources */ = {
			isa = PBXResourcesBuildPhase;
			buildActionMask = 2147483647;
			files = (
				592F1F9C21A278E1005E3CC5 /* LaunchScreen.storyboard in Resources */,
				592F1F9921A278E1005E3CC5 /* Assets.xcassets in Resources */,
				592F1F9721A278D7005E3CC5 /* Main.storyboard in Resources */,
			);
			runOnlyForDeploymentPostprocessing = 0;
		};
/* End PBXResourcesBuildPhase section */

/* Begin PBXShellScriptBuildPhase section */
		EDBBEB5FD224D44FB6A97FEA /* [CP] Check Pods Manifest.lock */ = {
			isa = PBXShellScriptBuildPhase;
			buildActionMask = 2147483647;
			files = (
			);
			inputPaths = (
				"${PODS_PODFILE_DIR_PATH}/Podfile.lock",
				"${PODS_ROOT}/Manifest.lock",
			);
			name = "[CP] Check Pods Manifest.lock";
			outputPaths = (
				"$(DERIVED_FILE_DIR)/Pods-DemoNotificationApp-checkManifestLockResult.txt",
			);
			runOnlyForDeploymentPostprocessing = 0;
			shellPath = /bin/sh;
			shellScript = "diff \"${PODS_PODFILE_DIR_PATH}/Podfile.lock\" \"${PODS_ROOT}/Manifest.lock\" > /dev/null\nif [ $? != 0 ] ; then\n    # print error to STDERR\n    echo \"error: The sandbox is not in sync with the Podfile.lock. Run 'pod install' or update your CocoaPods installation.\" >&2\n    exit 1\nfi\n# This output is used by Xcode 'outputs' to avoid re-running this script phase.\necho \"SUCCESS\" > \"${SCRIPT_OUTPUT_FILE_0}\"\n";
			showEnvVarsInLog = 0;
		};
		F905F5AA214F83F86F9AD6F8 /* [CP] Embed Pods Frameworks */ = {
			isa = PBXShellScriptBuildPhase;
			buildActionMask = 2147483647;
			files = (
			);
			inputPaths = (
				"${SRCROOT}/Pods/Target Support Files/Pods-DemoNotificationApp/Pods-DemoNotificationApp-frameworks.sh",
				"${BUILT_PRODUCTS_DIR}/GoogleToolboxForMac/GoogleToolboxForMac.framework",
				"${BUILT_PRODUCTS_DIR}/Protobuf/Protobuf.framework",
				"${BUILT_PRODUCTS_DIR}/nanopb/nanopb.framework",
			);
			name = "[CP] Embed Pods Frameworks";
			outputPaths = (
				"${TARGET_BUILD_DIR}/${FRAMEWORKS_FOLDER_PATH}/GoogleToolboxForMac.framework",
				"${TARGET_BUILD_DIR}/${FRAMEWORKS_FOLDER_PATH}/Protobuf.framework",
				"${TARGET_BUILD_DIR}/${FRAMEWORKS_FOLDER_PATH}/nanopb.framework",
			);
			runOnlyForDeploymentPostprocessing = 0;
			shellPath = /bin/sh;
			shellScript = "\"${SRCROOT}/Pods/Target Support Files/Pods-DemoNotificationApp/Pods-DemoNotificationApp-frameworks.sh\"\n";
			showEnvVarsInLog = 0;
		};
/* End PBXShellScriptBuildPhase section */

/* Begin PBXSourcesBuildPhase section */
		592F1F8A21A278D7005E3CC5 /* Sources */ = {
			isa = PBXSourcesBuildPhase;
			buildActionMask = 2147483647;
			files = (
				592F1F9421A278D7005E3CC5 /* ViewController.swift in Sources */,
				592F1F9221A278D7005E3CC5 /* AppDelegate.swift in Sources */,
			);
			runOnlyForDeploymentPostprocessing = 0;
		};
/* End PBXSourcesBuildPhase section */

/* Begin PBXVariantGroup section */
		592F1F9521A278D7005E3CC5 /* Main.storyboard */ = {
			isa = PBXVariantGroup;
			children = (
				592F1F9621A278D7005E3CC5 /* Base */,
			);
			name = Main.storyboard;
			sourceTree = "<group>";
		};
		592F1F9A21A278E1005E3CC5 /* LaunchScreen.storyboard */ = {
			isa = PBXVariantGroup;
			children = (
				592F1F9B21A278E1005E3CC5 /* Base */,
			);
			name = LaunchScreen.storyboard;
			sourceTree = "<group>";
		};
/* End PBXVariantGroup section */

/* Begin XCBuildConfiguration section */
		592F1F9E21A278E1005E3CC5 /* Debug */ = {
			isa = XCBuildConfiguration;
			buildSettings = {
				ALWAYS_SEARCH_USER_PATHS = NO;
				CLANG_ANALYZER_NONNULL = YES;
				CLANG_ANALYZER_NUMBER_OBJECT_CONVERSION = YES_AGGRESSIVE;
				CLANG_CXX_LANGUAGE_STANDARD = "gnu++14";
				CLANG_CXX_LIBRARY = "libc++";
				CLANG_ENABLE_MODULES = YES;
				CLANG_ENABLE_OBJC_ARC = YES;
				CLANG_ENABLE_OBJC_WEAK = YES;
				CLANG_WARN_BLOCK_CAPTURE_AUTORELEASING = YES;
				CLANG_WARN_BOOL_CONVERSION = YES;
				CLANG_WARN_COMMA = YES;
				CLANG_WARN_CONSTANT_CONVERSION = YES;
				CLANG_WARN_DEPRECATED_OBJC_IMPLEMENTATIONS = YES;
				CLANG_WARN_DIRECT_OBJC_ISA_USAGE = YES_ERROR;
				CLANG_WARN_DOCUMENTATION_COMMENTS = YES;
				CLANG_WARN_EMPTY_BODY = YES;
				CLANG_WARN_ENUM_CONVERSION = YES;
				CLANG_WARN_INFINITE_RECURSION = YES;
				CLANG_WARN_INT_CONVERSION = YES;
				CLANG_WARN_NON_LITERAL_NULL_CONVERSION = YES;
				CLANG_WARN_OBJC_IMPLICIT_RETAIN_SELF = YES;
				CLANG_WARN_OBJC_LITERAL_CONVERSION = YES;
				CLANG_WARN_OBJC_ROOT_CLASS = YES_ERROR;
				CLANG_WARN_RANGE_LOOP_ANALYSIS = YES;
				CLANG_WARN_STRICT_PROTOTYPES = YES;
				CLANG_WARN_SUSPICIOUS_MOVE = YES;
				CLANG_WARN_UNGUARDED_AVAILABILITY = YES_AGGRESSIVE;
				CLANG_WARN_UNREACHABLE_CODE = YES;
				CLANG_WARN__DUPLICATE_METHOD_MATCH = YES;
				CODE_SIGN_IDENTITY = "iPhone Developer";
				COPY_PHASE_STRIP = NO;
				DEBUG_INFORMATION_FORMAT = dwarf;
				ENABLE_STRICT_OBJC_MSGSEND = YES;
				ENABLE_TESTABILITY = YES;
				GCC_C_LANGUAGE_STANDARD = gnu11;
				GCC_DYNAMIC_NO_PIC = NO;
				GCC_NO_COMMON_BLOCKS = YES;
				GCC_OPTIMIZATION_LEVEL = 0;
				GCC_PREPROCESSOR_DEFINITIONS = (
					"DEBUG=1",
					"$(inherited)",
				);
				GCC_WARN_64_TO_32_BIT_CONVERSION = YES;
				GCC_WARN_ABOUT_RETURN_TYPE = YES_ERROR;
				GCC_WARN_UNDECLARED_SELECTOR = YES;
				GCC_WARN_UNINITIALIZED_AUTOS = YES_AGGRESSIVE;
				GCC_WARN_UNUSED_FUNCTION = YES;
				GCC_WARN_UNUSED_VARIABLE = YES;
				IPHONEOS_DEPLOYMENT_TARGET = 11.4;
				MTL_ENABLE_DEBUG_INFO = YES;
				ONLY_ACTIVE_ARCH = YES;
				SDKROOT = iphoneos;
				SWIFT_ACTIVE_COMPILATION_CONDITIONS = DEBUG;
				SWIFT_OPTIMIZATION_LEVEL = "-Onone";
			};
			name = Debug;
		};
		592F1F9F21A278E1005E3CC5 /* Release */ = {
			isa = XCBuildConfiguration;
			buildSettings = {
				ALWAYS_SEARCH_USER_PATHS = NO;
				CLANG_ANALYZER_NONNULL = YES;
				CLANG_ANALYZER_NUMBER_OBJECT_CONVERSION = YES_AGGRESSIVE;
				CLANG_CXX_LANGUAGE_STANDARD = "gnu++14";
				CLANG_CXX_LIBRARY = "libc++";
				CLANG_ENABLE_MODULES = YES;
				CLANG_ENABLE_OBJC_ARC = YES;
				CLANG_ENABLE_OBJC_WEAK = YES;
				CLANG_WARN_BLOCK_CAPTURE_AUTORELEASING = YES;
				CLANG_WARN_BOOL_CONVERSION = YES;
				CLANG_WARN_COMMA = YES;
				CLANG_WARN_CONSTANT_CONVERSION = YES;
				CLANG_WARN_DEPRECATED_OBJC_IMPLEMENTATIONS = YES;
				CLANG_WARN_DIRECT_OBJC_ISA_USAGE = YES_ERROR;
				CLANG_WARN_DOCUMENTATION_COMMENTS = YES;
				CLANG_WARN_EMPTY_BODY = YES;
				CLANG_WARN_ENUM_CONVERSION = YES;
				CLANG_WARN_INFINITE_RECURSION = YES;
				CLANG_WARN_INT_CONVERSION = YES;
				CLANG_WARN_NON_LITERAL_NULL_CONVERSION = YES;
				CLANG_WARN_OBJC_IMPLICIT_RETAIN_SELF = YES;
				CLANG_WARN_OBJC_LITERAL_CONVERSION = YES;
				CLANG_WARN_OBJC_ROOT_CLASS = YES_ERROR;
				CLANG_WARN_RANGE_LOOP_ANALYSIS = YES;
				CLANG_WARN_STRICT_PROTOTYPES = YES;
				CLANG_WARN_SUSPICIOUS_MOVE = YES;
				CLANG_WARN_UNGUARDED_AVAILABILITY = YES_AGGRESSIVE;
				CLANG_WARN_UNREACHABLE_CODE = YES;
				CLANG_WARN__DUPLICATE_METHOD_MATCH = YES;
				CODE_SIGN_IDENTITY = "iPhone Developer";
				COPY_PHASE_STRIP = NO;
				DEBUG_INFORMATION_FORMAT = "dwarf-with-dsym";
				ENABLE_NS_ASSERTIONS = NO;
				ENABLE_STRICT_OBJC_MSGSEND = YES;
				GCC_C_LANGUAGE_STANDARD = gnu11;
				GCC_NO_COMMON_BLOCKS = YES;
				GCC_WARN_64_TO_32_BIT_CONVERSION = YES;
				GCC_WARN_ABOUT_RETURN_TYPE = YES_ERROR;
				GCC_WARN_UNDECLARED_SELECTOR = YES;
				GCC_WARN_UNINITIALIZED_AUTOS = YES_AGGRESSIVE;
				GCC_WARN_UNUSED_FUNCTION = YES;
				GCC_WARN_UNUSED_VARIABLE = YES;
				IPHONEOS_DEPLOYMENT_TARGET = 11.4;
				MTL_ENABLE_DEBUG_INFO = NO;
				SDKROOT = iphoneos;
				SWIFT_COMPILATION_MODE = wholemodule;
				SWIFT_OPTIMIZATION_LEVEL = "-O";
				VALIDATE_PRODUCT = YES;
			};
			name = Release;
		};
		592F1FA121A278E1005E3CC5 /* Debug */ = {
			isa = XCBuildConfiguration;
			baseConfigurationReference = 1684484666B6966AF8FBC42D /* Pods-DemoNotificationApp.debug.xcconfig */;
			buildSettings = {
				ASSETCATALOG_COMPILER_APPICON_NAME = AppIcon;
				CODE_SIGN_STYLE = Automatic;
				DEVELOPMENT_TEAM = EPRAJ965WT;
				INFOPLIST_FILE = DemoNotificationApp/Info.plist;
				LD_RUNPATH_SEARCH_PATHS = (
					"$(inherited)",
					"@executable_path/Frameworks",
				);
				PRODUCT_BUNDLE_IDENTIFIER = "com.nfnlabs.-ReadMoreTextViewDemo.DemoNotificationApp";
				PRODUCT_NAME = "$(TARGET_NAME)";
				SWIFT_VERSION = 4.0;
				TARGETED_DEVICE_FAMILY = "1,2";
			};
			name = Debug;
		};
		592F1FA221A278E1005E3CC5 /* Release */ = {
			isa = XCBuildConfiguration;
			baseConfigurationReference = AF23903B3214972B42923B7F /* Pods-DemoNotificationApp.release.xcconfig */;
			buildSettings = {
				ASSETCATALOG_COMPILER_APPICON_NAME = AppIcon;
				CODE_SIGN_STYLE = Automatic;
				DEVELOPMENT_TEAM = EPRAJ965WT;
				INFOPLIST_FILE = DemoNotificationApp/Info.plist;
				LD_RUNPATH_SEARCH_PATHS = (
					"$(inherited)",
					"@executable_path/Frameworks",
				);
				PRODUCT_BUNDLE_IDENTIFIER = "com.nfnlabs.-ReadMoreTextViewDemo.DemoNotificationApp";
				PRODUCT_NAME = "$(TARGET_NAME)";
				SWIFT_VERSION = 4.0;
				TARGETED_DEVICE_FAMILY = "1,2";
			};
			name = Release;
		};
/* End XCBuildConfiguration section */

/* Begin XCConfigurationList section */
		592F1F8921A278D7005E3CC5 /* Build configuration list for PBXProject "DemoNotificationApp" */ = {
			isa = XCConfigurationList;
			buildConfigurations = (
				592F1F9E21A278E1005E3CC5 /* Debug */,
				592F1F9F21A278E1005E3CC5 /* Release */,
			);
			defaultConfigurationIsVisible = 0;
			defaultConfigurationName = Release;
		};
		592F1FA021A278E1005E3CC5 /* Build configuration list for PBXNativeTarget "DemoNotificationApp" */ = {
			isa = XCConfigurationList;
			buildConfigurations = (
				592F1FA121A278E1005E3CC5 /* Debug */,
				592F1FA221A278E1005E3CC5 /* Release */,
			);
			defaultConfigurationIsVisible = 0;
			defaultConfigurationName = Release;
		};
/* End XCConfigurationList section */
	};
	rootObject = 592F1F8621A278D7005E3CC5 /* Project object */;
}
